
Microsoft Visual Studio Solution File, Format Version 12.00
# Visual Studio Version 17
VisualStudioVersion = 17.4.33213.308
MinimumVisualStudioVersion = 10.0.40219.1
Project("{9A19103F-16F7-4668-BE54-9A1E7A4F7556}") = "RobotSimulator", "RobotSimulator\RobotSimulator.csproj", "{3DEA4B33-EC94-408C-B877-44C734722BA0}"
EndProject
Project("{9A19103F-16F7-4668-BE54-9A1E7A4F7556}") = "RobotSimulatorTest", "RobotSimulatorTest\RobotSimulatorTest.csproj", "{1EB54606-9CC3-491D-8FEF-61A08EA07808}"
	ProjectSection(ProjectDependencies) = postProject
		{3DEA4B33-EC94-408C-B877-44C734722BA0} = {3DEA4B33-EC94-408C-B877-44C734722BA0}
	EndProjectSection
EndProject
Project("{FAE04EC0-301F-11D3-BF4B-00C04F79EFBC}") = "RobotSimulator.Interpreter", "RobotSimulator.Interpreter\RobotSimulator.Interpreter.csproj", "{D484061F-E1C9-44E3-B3B1-2743580BA7C1}"
EndProject
Project("{FAE04EC0-301F-11D3-BF4B-00C04F79EFBC}") = "RobotSimulatorCLI", "RobotSimulatorCLI\RobotSimulatorCLI.csproj", "{E62B7AEC-BDA7-4DAC-8AE1-52E9676F426A}"
EndProject
Global
	GlobalSection(SolutionConfigurationPlatforms) = preSolution
		Debug|Any CPU = Debug|Any CPU
		Release|Any CPU = Release|Any CPU
	EndGlobalSection
	GlobalSection(ProjectConfigurationPlatforms) = postSolution
		{3DEA4B33-EC94-408C-B877-44C734722BA0}.Debug|Any CPU.ActiveCfg = Debug|Any CPU
		{3DEA4B33-EC94-408C-B877-44C734722BA0}.Debug|Any CPU.Build.0 = Debug|Any CPU
		{3DEA4B33-EC94-408C-B877-44C734722BA0}.Release|Any CPU.ActiveCfg = Release|Any CPU
		{3DEA4B33-EC94-408C-B877-44C734722BA0}.Release|Any CPU.Build.0 = Release|Any CPU
		{1EB54606-9CC3-491D-8FEF-61A08EA07808}.Debug|Any CPU.ActiveCfg = Debug|Any CPU
		{1EB54606-9CC3-491D-8FEF-61A08EA07808}.Debug|Any CPU.Build.0 = Debug|Any CPU
		{1EB54606-9CC3-491D-8FEF-61A08EA07808}.Release|Any CPU.ActiveCfg = Release|Any CPU
		{1EB54606-9CC3-491D-8FEF-61A08EA07808}.Release|Any CPU.Build.0 = Release|Any CPU
		{D484061F-E1C9-44E3-B3B1-2743580BA7C1}.Debug|Any CPU.ActiveCfg = Debug|Any CPU
		{D484061F-E1C9-44E3-B3B1-2743580BA7C1}.Debug|Any CPU.Build.0 = Debug|Any CPU
		{D484061F-E1C9-44E3-B3B1-2743580BA7C1}.Release|Any CPU.ActiveCfg = Release|Any CPU
		{D484061F-E1C9-44E3-B3B1-2743580BA7C1}.Release|Any CPU.Build.0 = Release|Any CPU
		{E62B7AEC-BDA7-4DAC-8AE1-52E9676F426A}.Debug|Any CPU.ActiveCfg = Debug|Any CPU
		{E62B7AEC-BDA7-4DAC-8AE1-52E9676F426A}.Debug|Any CPU.Build.0 = Debug|Any CPU
		{E62B7AEC-BDA7-4DAC-8AE1-52E9676F426A}.Release|Any CPU.ActiveCfg = Release|Any CPU
		{E62B7AEC-BDA7-4DAC-8AE1-52E9676F426A}.Release|Any CPU.Build.0 = Release|Any CPU
	EndGlobalSection
	GlobalSection(SolutionProperties) = preSolution
		HideSolutionNode = FALSE
	EndGlobalSection
	GlobalSection(ExtensibilityGlobals) = postSolution
		SolutionGuid = {C76D23C9-42F5-4BFF-9421-B123F7EED55B}
	EndGlobalSection
EndGlobal
